Microsoft Visual Studio Solution File, Format Version 12.00
# Visual Studio Version 17
VisualStudioVersion = 17.5.2.0
MinimumVisualStudioVersion = 10.0.40219.1
Project("{FAE04EC0-301F-11D3-BF4B-00C04F79EFBC}") = "BlazorAppHosting", "BlazorAppHosting.csproj", "{52BEA9ED-2F3E-6B40-D7E6-4C9BD148E412}"
EndProject
Global
	GlobalSection(SolutionConfigurationPlatforms) = preSolution
		Debug|Any CPU = Debug|Any CPU
		Release|Any CPU = Release|Any CPU
	EndGlobalSection
	GlobalSection(ProjectConfigurationPlatforms) = postSolution
		{52BEA9ED-2F3E-6B40-D7E6-4C9BD148E412}.Debug|Any CPU.ActiveCfg = Debug|Any CPU
		{52BEA9ED-2F3E-6B40-D7E6-4C9BD148E412}.Debug|Any CPU.Build.0 = Debug|Any CPU
		{52BEA9ED-2F3E-6B40-D7E6-4C9BD148E412}.Release|Any CPU.ActiveCfg = Release|Any CPU
		{52BEA9ED-2F3E-6B40-D7E6-4C9BD148E412}.Release|Any CPU.Build.0 = Release|Any CPU
	EndGlobalSection
	GlobalSection(SolutionProperties) = preSolution
		HideSolutionNode = FALSE
	EndGlobalSection
	GlobalSection(ExtensibilityGlobals) = postSolution
		SolutionGuid = {DC35C808-AE55-4779-9907-8C288EEF3274}
	EndGlobalSection
EndGlobal
